// !$*UTF8*$!
{
	archiveVersion = 1;
	classes = {
	};
	objectVersion = 46;
	objects = {

/* Begin PBXBuildFile section */
		3FCA0CDC1B559DDD0030E25D /* ButtonStackViewController.swift in Sources */ = {isa = PBXBuildFile; fileRef = 3FCA0CDB1B559DDD0030E25D /* ButtonStackViewController.swift */; };
		3FFC2BCE1B557B2700FAAAF5 /* AppDelegate.swift in Sources */ = {isa = PBXBuildFile; fileRef = 3FFC2BCD1B557B2700FAAAF5 /* AppDelegate.swift */; };
		3FFC2BD01B557B2700FAAAF5 /* ViewController.swift in Sources */ = {isa = PBXBuildFile; fileRef = 3FFC2BCF1B557B2700FAAAF5 /* ViewController.swift */; };
		3FFC2BD31B557B2700FAAAF5 /* Main.storyboard in Resources */ = {isa = PBXBuildFile; fileRef = 3FFC2BD11B557B2700FAAAF5 /* Main.storyboard */; };
		3FFC2BD51B557B2700FAAAF5 /* Images.xcassets in Resources */ = {isa = PBXBuildFile; fileRef = 3FFC2BD41B557B2700FAAAF5 /* Images.xcassets */; };
		3FFC2BD81B557B2700FAAAF5 /* LaunchScreen.xib in Resources */ = {isa = PBXBuildFile; fileRef = 3FFC2BD61B557B2700FAAAF5 /* LaunchScreen.xib */; };
		3FFC2BE41B557B2700FAAAF5 /* ButtonStackTests.swift in Sources */ = {isa = PBXBuildFile; fileRef = 3FFC2BE31B557B2700FAAAF5 /* ButtonStackTests.swift */; };
		3FFC2C331B557DD500FAAAF5 /* plusButton.png in Resources */ = {isa = PBXBuildFile; fileRef = 3FFC2C321B557DD500FAAAF5 /* plusButton.png */; };
/* End PBXBuildFile section */

/* Begin PBXContainerItemProxy section */
		3FFC2BDE1B557B2700FAAAF5 /* PBXContainerItemProxy */ = {
			isa = PBXContainerItemProxy;
			containerPortal = 3FFC2BC01B557B2700FAAAF5 /* Project object */;
			proxyType = 1;
			remoteGlobalIDString = 3FFC2BC71B557B2700FAAAF5;
			remoteInfo = ButtonStack;
		};
/* End PBXContainerItemProxy section */

/* Begin PBXFileReference section */
		3FCA0CDB1B559DDD0030E25D /* ButtonStackViewController.swift */ = {isa = PBXFileReference; fileEncoding = 4; lastKnownFileType = sourcecode.swift; path = ButtonStackViewController.swift; sourceTree = SOURCE_ROOT; };
		3FFC2BC81B557B2700FAAAF5 /* ButtonStack.app */ = {isa = PBXFileReference; explicitFileType = wrapper.application; includeInIndex = 0; path = ButtonStack.app; sourceTree = BUILT_PRODUCTS_DIR; };
		3FFC2BCC1B557B2700FAAAF5 /* Info.plist */ = {isa = PBXFileReference; lastKnownFileType = text.plist.xml; path = Info.plist; sourceTree = "<group>"; };
		3FFC2BCD1B557B2700FAAAF5 /* AppDelegate.swift */ = {isa = PBXFileReference; lastKnownFileType = sourcecode.swift; path = AppDelegate.swift; sourceTree = "<group>"; };
		3FFC2BCF1B557B2700FAAAF5 /* ViewController.swift */ = {isa = PBXFileReference; lastKnownFileType = sourcecode.swift; path = ViewController.swift; sourceTree = "<group>"; };
		3FFC2BD21B557B2700FAAAF5 /* Base */ = {isa = PBXFileReference; lastKnownFileType = file.storyboard; name = Base; path = Base.lproj/Main.storyboard; sourceTree = "<group>"; };
		3FFC2BD41B557B2700FAAAF5 /* Images.xcassets */ = {isa = PBXFileReference; lastKnownFileType = folder.assetcatalog; path = Images.xcassets; sourceTree = "<group>"; };
		3FFC2BD71B557B2700FAAAF5 /* Base */ = {isa = PBXFileReference; lastKnownFileType = file.xib; name = Base; path = Base.lproj/LaunchScreen.xib; sourceTree = "<group>"; };
		3FFC2BDD1B557B2700FAAAF5 /* ButtonStackTests.xctest */ = {isa = PBXFileReference; explicitFileType = wrapper.cfbundle; includeInIndex = 0; path = ButtonStackTests.xctest; sourceTree = BUILT_PRODUCTS_DIR; };
		3FFC2BE21B557B2700FAAAF5 /* Info.plist */ = {isa = PBXFileReference; lastKnownFileType = text.plist.xml; path = Info.plist; sourceTree = "<group>"; };
		3FFC2BE31B557B2700FAAAF5 /* ButtonStackTests.swift */ = {isa = PBXFileReference; lastKnownFileType = sourcecode.swift; path = ButtonStackTests.swift; sourceTree = "<group>"; };
		3FFC2C321B557DD500FAAAF5 /* plusButton.png */ = {isa = PBXFileReference; lastKnownFileType = image.png; path = plusButton.png; sourceTree = "<group>"; };
/* End PBXFileReference section */

/* Begin PBXFrameworksBuildPhase section */
		3FFC2BC51B557B2700FAAAF5 /* Frameworks */ = {
			isa = PBXFrameworksBuildPhase;
			buildActionMask = 2147483647;
			files = (
			);
			runOnlyForDeploymentPostprocessing = 0;
		};
		3FFC2BDA1B557B2700FAAAF5 /* Frameworks */ = {
			isa = PBXFrameworksBuildPhase;
			buildActionMask = 2147483647;
			files = (
			);
			runOnlyForDeploymentPostprocessing = 0;
		};
/* End PBXFrameworksBuildPhase section */

/* Begin PBXGroup section */
		3FFC2BBF1B557B2700FAAAF5 = {
			isa = PBXGroup;
			children = (
				3FFC2BCA1B557B2700FAAAF5 /* ButtonStack */,
				3FFC2BE01B557B2700FAAAF5 /* ButtonStackTests */,
				3FFC2BC91B557B2700FAAAF5 /* Products */,
			);
			sourceTree = "<group>";
		};
		3FFC2BC91B557B2700FAAAF5 /* Products */ = {
			isa = PBXGroup;
			children = (
				3FFC2BC81B557B2700FAAAF5 /* ButtonStack.app */,
				3FFC2BDD1B557B2700FAAAF5 /* ButtonStackTests.xctest */,
			);
			name = Products;
			sourceTree = "<group>";
		};
		3FFC2BCA1B557B2700FAAAF5 /* ButtonStack */ = {
			isa = PBXGroup;
			children = (
				3FFC2BCD1B557B2700FAAAF5 /* AppDelegate.swift */,
				3FCA0CDB1B559DDD0030E25D /* ButtonStackViewController.swift */,
				3FFC2BCF1B557B2700FAAAF5 /* ViewController.swift */,
				3FFC2BD11B557B2700FAAAF5 /* Main.storyboard */,
				3FFC2BD41B557B2700FAAAF5 /* Images.xcassets */,
				3FFC2BD61B557B2700FAAAF5 /* LaunchScreen.xib */,
				3FFC2BCB1B557B2700FAAAF5 /* Supporting Files */,
			);
			path = ButtonStack;
			sourceTree = "<group>";
		};
		3FFC2BCB1B557B2700FAAAF5 /* Supporting Files */ = {
			isa = PBXGroup;
			children = (
				3FFC2C321B557DD500FAAAF5 /* plusButton.png */,
				3FFC2BCC1B557B2700FAAAF5 /* Info.plist */,
			);
			name = "Supporting Files";
			sourceTree = "<group>";
		};
		3FFC2BE01B557B2700FAAAF5 /* ButtonStackTests */ = {
			isa = PBXGroup;
			children = (
				3FFC2BE31B557B2700FAAAF5 /* ButtonStackTests.swift */,
				3FFC2BE11B557B2700FAAAF5 /* Supporting Files */,
			);
			path = ButtonStackTests;
			sourceTree = "<group>";
		};
		3FFC2BE11B557B2700FAAAF5 /* Supporting Files */ = {
			isa = PBXGroup;
			children = (
				3FFC2BE21B557B2700FAAAF5 /* Info.plist */,
			);
			name = "Supporting Files";
			sourceTree = "<group>";
		};
/* End PBXGroup section */

/* Begin PBXNativeTarget section */
		3FFC2BC71B557B2700FAAAF5 /* ButtonStack */ = {
			isa = PBXNativeTarget;
			buildConfigurationList = 3FFC2BE71B557B2700FAAAF5 /* Build configuration list for PBXNativeTarget "ButtonStack" */;
			buildPhases = (
				3FFC2BC41B557B2700FAAAF5 /* Sources */,
				3FFC2BC51B557B2700FAAAF5 /* Frameworks */,
				3FFC2BC61B557B2700FAAAF5 /* Resources */,
			);
			buildRules = (
			);
			dependencies = (
			);
			name = ButtonStack;
			productName = ButtonStack;
			productReference = 3FFC2BC81B557B2700FAAAF5 /* ButtonStack.app */;
			productType = "com.apple.product-type.application";
		};
		3FFC2BDC1B557B2700FAAAF5 /* ButtonStackTests */ = {
			isa = PBXNativeTarget;
			buildConfigurationList = 3FFC2BEA1B557B2700FAAAF5 /* Build configuration list for PBXNativeTarget "ButtonStackTests" */;
			buildPhases = (
				3FFC2BD91B557B2700FAAAF5 /* Sources */,
				3FFC2BDA1B557B2700FAAAF5 /* Frameworks */,
				3FFC2BDB1B557B2700FAAAF5 /* Resources */,
			);
			buildRules = (
			);
			dependencies = (
				3FFC2BDF1B557B2700FAAAF5 /* PBXTargetDependency */,
			);
			name = ButtonStackTests;
			productName = ButtonStackTests;
			productReference = 3FFC2BDD1B557B2700FAAAF5 /* ButtonStackTests.xctest */;
			productType = "com.apple.product-type.bundle.unit-test";
		};
/* End PBXNativeTarget section */

/* Begin PBXProject section */
		3FFC2BC01B557B2700FAAAF5 /* Project object */ = {
			isa = PBXProject;
			attributes = {
				LastUpgradeCheck = 0640;
				ORGANIZATIONNAME = "Leonardo Edelman Wajnsztok";
				TargetAttributes = {
					3FFC2BC71B557B2700FAAAF5 = {
						CreatedOnToolsVersion = 6.4;
					};
					3FFC2BDC1B557B2700FAAAF5 = {
						CreatedOnToolsVersion = 6.4;
						TestTargetID = 3FFC2BC71B557B2700FAAAF5;
					};
				};
			};
			buildConfigurationList = 3FFC2BC31B557B2700FAAAF5 /* Build configuration list for PBXProject "ButtonStack" */;
			compatibilityVersion = "Xcode 3.2";
			developmentRegion = English;
			hasScannedForEncodings = 0;
			knownRegions = (
				en,
				Base,
			);
			mainGroup = 3FFC2BBF1B557B2700FAAAF5;
			productRefGroup = 3FFC2BC91B557B2700FAAAF5 /* Products */;
			projectDirPath = "";
			projectRoot = "";
			targets = (
				3FFC2BC71B557B2700FAAAF5 /* ButtonStack */,
				3FFC2BDC1B557B2700FAAAF5 /* ButtonStackTests */,
			);
		};
/* End PBXProject section */

/* Begin PBXResourcesBuildPhase section */
		3FFC2BC61B557B2700FAAAF5 /* Resources */ = {
			isa = PBXResourcesBuildPhase;
			buildActionMask = 2147483647;
			files = (
				3FFC2BD31B557B2700FAAAF5 /* Main.storyboard in Resources */,
				3FFC2C331B557DD500FAAAF5 /* plusButton.png in Resources */,
				3FFC2BD81B557B2700FAAAF5 /* LaunchScreen.xib in Resources */,
				3FFC2BD51B557B2700FAAAF5 /* Images.xcassets in Resources */,
			);
			runOnlyForDeploymentPostprocessing = 0;
		};
		3FFC2BDB1B557B2700FAAAF5 /* Resources */ = {
			isa = PBXResourcesBuildPhase;
			buildActionMask = 2147483647;
			files = (
			);
			runOnlyForDeploymentPostprocessing = 0;
		};
/* End PBXResourcesBuildPhase section */

/* Begin PBXSourcesBuildPhase section */
		3FFC2BC41B557B2700FAAAF5 /* Sources */ = {
			isa = PBXSourcesBuildPhase;
			buildActionMask = 2147483647;
			files = (
				3FFC2BD01B557B2700FAAAF5 /* ViewController.swift in Sources */,
				3FFC2BCE1B557B2700FAAAF5 /* AppDelegate.swift in Sources */,
				3FCA0CDC1B559DDD0030E25D /* ButtonStackViewController.swift in Sources */,
			);
			runOnlyForDeploymentPostprocessing = 0;
		};
		3FFC2BD91B557B2700FAAAF5 /* Sources */ = {
			isa = PBXSourcesBuildPhase;
			buildActionMask = 2147483647;
			files = (
				3FFC2BE41B557B2700FAAAF5 /* ButtonStackTests.swift in Sources */,
			);
			runOnlyForDeploymentPostprocessing = 0;
		};
/* End PBXSourcesBuildPhase section */

/* Begin PBXTargetDependency section */
		3FFC2BDF1B557B2700FAAAF5 /* PBXTargetDependency */ = {
			isa = PBXTargetDependency;
			target = 3FFC2BC71B557B2700FAAAF5 /* ButtonStack */;
			targetProxy = 3FFC2BDE1B557B2700FAAAF5 /* PBXContainerItemProxy */;
		};
/* End PBXTargetDependency section */

/* Begin PBXVariantGroup section */
		3FFC2BD11B557B2700FAAAF5 /* Main.storyboard */ = {
			isa = PBXVariantGroup;
			children = (
				3FFC2BD21B557B2700FAAAF5 /* Base */,
			);
			name = Main.storyboard;
			sourceTree = "<group>";
		};
		3FFC2BD61B557B2700FAAAF5 /* LaunchScreen.xib */ = {
			isa = PBXVariantGroup;
			children = (
				3FFC2BD71B557B2700FAAAF5 /* Base */,
			);
			name = LaunchScreen.xib;
			sourceTree = "<group>";
		};
/* End PBXVariantGroup section */

/* Begin XCBuildConfiguration section */
		3FFC2BE51B557B2700FAAAF5 /* Debug */ = {
			isa = XCBuildConfiguration;
			buildSettings = {
				ALWAYS_SEARCH_USER_PATHS = NO;
				CLANG_CXX_LANGUAGE_STANDARD = "gnu++0x";
				CLANG_CXX_LIBRARY = "libc++";
				CLANG_ENABLE_MODULES = YES;
				CLANG_ENABLE_OBJC_ARC = YES;
				CLANG_WARN_BOOL_CONVERSION = YES;
				CLANG_WARN_CONSTANT_CONVERSION = YES;
				CLANG_WARN_DIRECT_OBJC_ISA_USAGE = YES_ERROR;
				CLANG_WARN_EMPTY_BODY = YES;
				CLANG_WARN_ENUM_CONVERSION = YES;
				CLANG_WARN_INT_CONVERSION = YES;
				CLANG_WARN_OBJC_ROOT_CLASS = YES_ERROR;
				CLANG_WARN_UNREACHABLE_CODE = YES;
				CLANG_WARN__DUPLICATE_METHOD_MATCH = YES;
				"CODE_SIGN_IDENTITY[sdk=iphoneos*]" = "iPhone Developer";
				COPY_PHASE_STRIP = NO;
				DEBUG_INFORMATION_FORMAT = "dwarf-with-dsym";
				ENABLE_STRICT_OBJC_MSGSEND = YES;
				GCC_C_LANGUAGE_STANDARD = gnu99;
				GCC_DYNAMIC_NO_PIC = NO;
				GCC_NO_COMMON_BLOCKS = YES;
				GCC_OPTIMIZATION_LEVEL = 0;
				GCC_PREPROCESSOR_DEFINITIONS = (
					"DEBUG=1",
					"$(inherited)",
				);
				GCC_SYMBOLS_PRIVATE_EXTERN = NO;
				GCC_WARN_64_TO_32_BIT_CONVERSION = YES;
				GCC_WARN_ABOUT_RETURN_TYPE = YES_ERROR;
				GCC_WARN_UNDECLARED_SELECTOR = YES;
				GCC_WARN_UNINITIALIZED_AUTOS = YES_AGGRESSIVE;
				GCC_WARN_UNUSED_FUNCTION = YES;
				GCC_WARN_UNUSED_VARIABLE = YES;
				IPHONEOS_DEPLOYMENT_TARGET = 8.4;
				MTL_ENABLE_DEBUG_INFO = YES;
				ONLY_ACTIVE_ARCH = YES;
				SDKROOT = iphoneos;
				SWIFT_OPTIMIZATION_LEVEL = "-Onone";
			};
			name = Debug;
		};
		3FFC2BE61B557B2700FAAAF5 /* Release */ = {
			isa = XCBuildConfiguration;
			buildSettings = {
				ALWAYS_SEARCH_USER_PATHS = NO;
				CLANG_CXX_LANGUAGE_STANDARD = "gnu++0x";
				CLANG_CXX_LIBRARY = "libc++";
				CLANG_ENABLE_MODULES = YES;
				CLANG_ENABLE_OBJC_ARC = YES;
				CLANG_WARN_BOOL_CONVERSION = YES;
				CLANG_WARN_CONSTANT_CONVERSION = YES;
				CLANG_WARN_DIRECT_OBJC_ISA_USAGE = YES_ERROR;
				CLANG_WARN_EMPTY_BODY = YES;
				CLANG_WARN_ENUM_CONVERSION = YES;
				CLANG_WARN_INT_CONVERSION = YES;
				CLANG_WARN_OBJC_ROOT_CLASS = YES_ERROR;
				CLANG_WARN_UNREACHABLE_CODE = YES;
				CLANG_WARN__DUPLICATE_METHOD_MATCH = YES;
				"CODE_SIGN_IDENTITY[sdk=iphoneos*]" = "iPhone Developer";
				COPY_PHASE_STRIP = NO;
				DEBUG_INFORMATION_FORMAT = "dwarf-with-dsym";
				ENABLE_NS_ASSERTIONS = NO;
				ENABLE_STRICT_OBJC_MSGSEND = YES;
				GCC_C_LANGUAGE_STANDARD = gnu99;
				GCC_NO_COMMON_BLOCKS = YES;
				GCC_WARN_64_TO_32_BIT_CONVERSION = YES;
				GCC_WARN_ABOUT_RETURN_TYPE = YES_ERROR;
				GCC_WARN_UNDECLARED_SELECTOR = YES;
				GCC_WARN_UNINITIALIZED_AUTOS = YES_AGGRESSIVE;
				GCC_WARN_UNUSED_FUNCTION = YES;
				GCC_WARN_UNUSED_VARIABLE = YES;
				IPHONEOS_DEPLOYMENT_TARGET = 8.4;
				MTL_ENABLE_DEBUG_INFO = NO;
				SDKROOT = iphoneos;
				VALIDATE_PRODUCT = YES;
			};
			name = Release;
		};
		3FFC2BE81B557B2700FAAAF5 /* Debug */ = {
			isa = XCBuildConfiguration;
			buildSettings = {
				ASSETCATALOG_COMPILER_APPICON_NAME = AppIcon;
				INFOPLIST_FILE = ButtonStack/Info.plist;
				IPHONEOS_DEPLOYMENT_TARGET = 8.0;
				LD_RUNPATH_SEARCH_PATHS = "$(inherited) @executable_path/Frameworks";
				PRODUCT_NAME = "$(TARGET_NAME)";
			};
			name = Debug;
		};
		3FFC2BE91B557B2700FAAAF5 /* Release */ = {
			isa = XCBuildConfiguration;
			buildSettings = {
				ASSETCATALOG_COMPILER_APPICON_NAME = AppIcon;
				INFOPLIST_FILE = ButtonStack/Info.plist;
				IPHONEOS_DEPLOYMENT_TARGET = 8.0;
				LD_RUNPATH_SEARCH_PATHS = "$(inherited) @executable_path/Frameworks";
				PRODUCT_NAME = "$(TARGET_NAME)";
			};
			name = Release;
		};
		3FFC2BEB1B557B2700FAAAF5 /* Debug */ = {
			isa = XCBuildConfiguration;
			buildSettings = {
				BUNDLE_LOADER = "$(TEST_HOST)";
				FRAMEWORK_SEARCH_PATHS = (
					"$(SDKROOT)/Developer/Library/Frameworks",
					"$(inherited)",
				);
				GCC_PREPROCESSOR_DEFINITIONS = (
					"DEBUG=1",
					"$(inherited)",
				);
				INFOPLIST_FILE = ButtonStackTests/Info.plist;
				LD_RUNPATH_SEARCH_PATHS = "$(inherited) @executable_path/Frameworks @loader_path/Frameworks";
				PRODUCT_NAME = "$(TARGET_NAME)";
				TEST_HOST = "$(BUILT_PRODUCTS_DIR)/ButtonStack.app/ButtonStack";
			};
			name = Debug;
		};
		3FFC2BEC1B557B2700FAAAF5 /* Release */ = {
			isa = XCBuildConfiguration;
			buildSettings = {
				BUNDLE_LOADER = "$(TEST_HOST)";
				FRAMEWORK_SEARCH_PATHS = (
					"$(SDKROOT)/Developer/Library/Frameworks",
					"$(inherited)",
				);
				INFOPLIST_FILE = ButtonStackTests/Info.plist;
				LD_RUNPATH_SEARCH_PATHS = "$(inherited) @executable_path/Frameworks @loader_path/Frameworks";
				PRODUCT_NAME = "$(TARGET_NAME)";
				TEST_HOST = "$(BUILT_PRODUCTS_DIR)/ButtonStack.app/ButtonStack";
			};
			name = Release;
		};
/* End XCBuildConfiguration section */

/* Begin XCConfigurationList section */
		3FFC2BC31B557B2700FAAAF5 /* Build configuration list for PBXProject "ButtonStack" */ = {
			isa = XCConfigurationList;
			buildConfigurations = (
				3FFC2BE51B557B2700FAAAF5 /* Debug */,
				3FFC2BE61B557B2700FAAAF5 /* Release */,
			);
			defaultConfigurationIsVisible = 0;
			defaultConfigurationName = Release;
		};
		3FFC2BE71B557B2700FAAAF5 /* Build configuration list for PBXNativeTarget "ButtonStack" */ = {
			isa = XCConfigurationList;
			buildConfigurations = (
				3FFC2BE81B557B2700FAAAF5 /* Debug */,
				3FFC2BE91B557B2700FAAAF5 /* Release */,
			);
			defaultConfigurationIsVisible = 0;
			defaultConfigurationName = Release;
		};
		3FFC2BEA1B557B2700FAAAF5 /* Build configuration list for PBXNativeTarget "ButtonStackTests" */ = {
			isa = XCConfigurationList;
			buildConfigurations = (
				3FFC2BEB1B557B2700FAAAF5 /* Debug */,
				3FFC2BEC1B557B2700FAAAF5 /* Release */,
			);
			defaultConfigurationIsVisible = 0;
			defaultConfigurationName = Release;
		};
/* End XCConfigurationList section */
	};
	rootObject = 3FFC2BC01B557B2700FAAAF5 /* Project object */;
}
